
Microsoft Visual Studio Solution File, Format Version 12.00
# Visual Studio Version 16
VisualStudioVersion = 16.0.29411.108
MinimumVisualStudioVersion = 10.0.40219.1
Project("{FAE04EC0-301F-11D3-BF4B-00C04F79EFBC}") = "Hallo_CodeFirst", "Hallo_CodeFirst\Hallo_CodeFirst.csproj", "{5BBCAEC7-DDF2-4C8E-B6F6-DB85E0042ED8}"
EndProject
Project("{FAE04EC0-301F-11D3-BF4B-00C04F79EFBC}") = "Hallo_CodeFirst_DBFirst", "Hallo_CodeFirst_DBFirst\Hallo_CodeFirst_DBFirst.csproj", "{EA1C2D3F-16F5-42FB-BDFF-C3CDB6A055B8}"
EndProject
Project("{FAE04EC0-301F-11D3-BF4B-00C04F79EFBC}") = "EFCore_Demo", "EFCore_Demo\EFCore_Demo.csproj", "{678C8597-4907-4B99-912F-CD9D6C6B9507}"
EndProject
Global
	GlobalSection(SolutionConfigurationPlatforms) = preSolution
		Debug|Any CPU = Debug|Any CPU
		Release|Any CPU = Release|Any CPU
	EndGlobalSection
	GlobalSection(ProjectConfigurationPlatforms) = postSolution
		{5BBCAEC7-DDF2-4C8E-B6F6-DB85E0042ED8}.Debug|Any CPU.ActiveCfg = Debug|Any CPU
		{5BBCAEC7-DDF2-4C8E-B6F6-DB85E0042ED8}.Debug|Any CPU.Build.0 = Debug|Any CPU
		{5BBCAEC7-DDF2-4C8E-B6F6-DB85E0042ED8}.Release|Any CPU.ActiveCfg = Release|Any CPU
		{5BBCAEC7-DDF2-4C8E-B6F6-DB85E0042ED8}.Release|Any CPU.Build.0 = Release|Any CPU
		{EA1C2D3F-16F5-42FB-BDFF-C3CDB6A055B8}.Debug|Any CPU.ActiveCfg = Debug|Any CPU
		{EA1C2D3F-16F5-42FB-BDFF-C3CDB6A055B8}.Debug|Any CPU.Build.0 = Debug|Any CPU
		{EA1C2D3F-16F5-42FB-BDFF-C3CDB6A055B8}.Release|Any CPU.ActiveCfg = Release|Any CPU
		{EA1C2D3F-16F5-42FB-BDFF-C3CDB6A055B8}.Release|Any CPU.Build.0 = Release|Any CPU
		{678C8597-4907-4B99-912F-CD9D6C6B9507}.Debug|Any CPU.ActiveCfg = Debug|Any CPU
		{678C8597-4907-4B99-912F-CD9D6C6B9507}.Debug|Any CPU.Build.0 = Debug|Any CPU
		{678C8597-4907-4B99-912F-CD9D6C6B9507}.Release|Any CPU.ActiveCfg = Release|Any CPU
		{678C8597-4907-4B99-912F-CD9D6C6B9507}.Release|Any CPU.Build.0 = Release|Any CPU
	EndGlobalSection
	GlobalSection(SolutionProperties) = preSolution
		HideSolutionNode = FALSE
	EndGlobalSection
	GlobalSection(ExtensibilityGlobals) = postSolution
		SolutionGuid = {809EA0AF-30C3-4E61-8456-0D616CAFE6FC}
	EndGlobalSection
EndGlobal
